
Microsoft Visual Studio Solution File, Format Version 12.00
# Visual Studio 14
VisualStudioVersion = 14.0.25420.1
MinimumVisualStudioVersion = 10.0.40219.1
Project("{FAE04EC0-301F-11D3-BF4B-00C04F79EFBC}") = "Rdp.Terminal.Core", "Rdp.Terminal.Core\Rdp.Terminal.Core.csproj", "{E989BD6A-29A2-42F0-B21F-0E94BEFC9F70}"
EndProject
Project("{FAE04EC0-301F-11D3-BF4B-00C04F79EFBC}") = "Rdp.Demostration", "Rdp.Demostration\Rdp.Demostration.csproj", "{29CE8B6C-FCE9-4832-B8E3-99783897F0F9}"
EndProject
Global
	GlobalSection(SolutionConfigurationPlatforms) = preSolution
		Debug|Any CPU = Debug|Any CPU
		Release|Any CPU = Release|Any CPU
	EndGlobalSection
	GlobalSection(ProjectConfigurationPlatforms) = postSolution
		{E989BD6A-29A2-42F0-B21F-0E94BEFC9F70}.Debug|Any CPU.ActiveCfg = Debug|Any CPU
		{E989BD6A-29A2-42F0-B21F-0E94BEFC9F70}.Debug|Any CPU.Build.0 = Debug|Any CPU
		{E989BD6A-29A2-42F0-B21F-0E94BEFC9F70}.Release|Any CPU.ActiveCfg = Release|Any CPU
		{E989BD6A-29A2-42F0-B21F-0E94BEFC9F70}.Release|Any CPU.Build.0 = Release|Any CPU
		{29CE8B6C-FCE9-4832-B8E3-99783897F0F9}.Debug|Any CPU.ActiveCfg = Debug|Any CPU
		{29CE8B6C-FCE9-4832-B8E3-99783897F0F9}.Debug|Any CPU.Build.0 = Debug|Any CPU
		{29CE8B6C-FCE9-4832-B8E3-99783897F0F9}.Release|Any CPU.ActiveCfg = Release|Any CPU
		{29CE8B6C-FCE9-4832-B8E3-99783897F0F9}.Release|Any CPU.Build.0 = Release|Any CPU
	EndGlobalSection
	GlobalSection(SolutionProperties) = preSolution
		HideSolutionNode = FALSE
	EndGlobalSection
EndGlobal
